<?xml version="1.0" encoding="utf-8"?>
<Project ToolsVersion="4.0" xmlns="http://schemas.microsoft.com/developer/msbuild/2003">
  <ItemGroup>
    <Filter Include="Source Files">
      <UniqueIdentifier>{4FC737F1-C7A5-4376-A066-2A32D752A2FF}</UniqueIdentifier>
      <Extensions>cpp;c;cc;cxx;c++;cppm;ixx;def;odl;idl;hpj;bat;asm;asmx</Extensions>
    </Filter>
    <Filter Include="Header Files">
      <UniqueIdentifier>{93995380-89BD-4b04-88EB-625FBE52EBFB}</UniqueIdentifier>
      <Extensions>h;hh;hpp;hxx;h++;hm;inl;inc;ipp;xsd</Extensions>
    </Filter>
    <Filter Include="Resource Files">
      <UniqueIdentifier>{67DA6AB6-F800-4c08-8B7A-83BB121AAD01}</UniqueIdentifier>
      <Extensions>rc;ico;cur;bmp;dlg;rc2;rct;bin;rgs;gif;jpg;jpeg;jpe;resx;tiff;tif;png;wav;mfcribbon-ms</Extensions>
    </Filter>
  </ItemGroup>
  <ItemGroup>
    <ClCompile Include="CS202 - Project.cpp">
      <Filter>Source Files</Filter>
    </ClCompile>
    <ClCompile Include="State.cpp">
      <Filter>Source Files</Filter>
    </ClCompile>
    <ClCompile Include="BUTTON.cpp">
      <Filter>Source Files</Filter>
    </ClCompile>
    <ClCompile Include="CANIMAL.cpp">
      <Filter>Source Files</Filter>
    </ClCompile>
    <ClCompile Include="CENEMY.cpp">
      <Filter>Source Files</Filter>
    </ClCompile>
    <ClCompile Include="CGAME.cpp">
      <Filter>Source Files</Filter>
    </ClCompile>
    <ClCompile Include="Collision.cpp">
      <Filter>Source Files</Filter>
    </ClCompile>
    <ClCompile Include="CPEOPLE.cpp">
      <Filter>Source Files</Filter>
    </ClCompile>
    <ClCompile Include="CTRAFFIC.cpp">
      <Filter>Source Files</Filter>
    </ClCompile>
    <ClCompile Include="CVEHICLE.cpp">
      <Filter>Source Files</Filter>
    </ClCompile>
    <ClCompile Include="SCOREBOARD.cpp">
      <Filter>Source Files</Filter>
    </ClCompile>
    <ClCompile Include="MainMenuState.cpp">
      <Filter>Source Files</Filter>
    </ClCompile>
    <ClCompile Include="GameState.cpp">
      <Filter>Source Files</Filter>
    </ClCompile>
    <ClCompile Include="LevelUpState.cpp">
      <Filter>Source Files</Filter>
    </ClCompile>
    <ClCompile Include="GameWinState.cpp">
      <Filter>Source Files</Filter>
    </ClCompile>
    <ClCompile Include="HighscoreState.cpp">
      <Filter>Source Files</Filter>
    </ClCompile>
    <ClCompile Include="LoadGameState.cpp">
      <Filter>Source Files</Filter>
    </ClCompile>
    <ClCompile Include="SaveGameState.cpp">
      <Filter>Source Files</Filter>
    </ClCompile>
    <ClCompile Include="SettingState.cpp">
      <Filter>Source Files</Filter>
    </ClCompile>
  </ItemGroup>
  <ItemGroup>
    <ClInclude Include="State.h">
      <Filter>Header Files</Filter>
    </ClInclude>
    <ClInclude Include="BUTTON.h">
      <Filter>Header Files</Filter>
    </ClInclude>
    <ClInclude Include="CANIMAL.h">
      <Filter>Header Files</Filter>
    </ClInclude>
    <ClInclude Include="CENEMY.h">
      <Filter>Header Files</Filter>
    </ClInclude>
    <ClInclude Include="CGAME.h">
      <Filter>Header Files</Filter>
    </ClInclude>
    <ClInclude Include="Collision.h">
      <Filter>Header Files</Filter>
    </ClInclude>
    <ClInclude Include="CPEOPLE.h">
      <Filter>Header Files</Filter>
    </ClInclude>
    <ClInclude Include="CTRAFFIC.h">
      <Filter>Header Files</Filter>
    </ClInclude>
    <ClInclude Include="CVEHICLE.h">
      <Filter>Header Files</Filter>
    </ClInclude>
    <ClInclude Include="SCOREBOARD.h">
      <Filter>Header Files</Filter>
    </ClInclude>
    <ClInclude Include="MainMenuState.h">
      <Filter>Header Files</Filter>
    </ClInclude>
    <ClInclude Include="GameState.h">
      <Filter>Header Files</Filter>
    </ClInclude>
    <ClInclude Include="LevelUpState.h">
      <Filter>Header Files</Filter>
    </ClInclude>
    <ClInclude Include="GameWinState.h">
      <Filter>Header Files</Filter>
    </ClInclude>
    <ClInclude Include="HighscoreState.h">
      <Filter>Header Files</Filter>
    </ClInclude>
    <ClInclude Include="LoadGameState.h">
      <Filter>Header Files</Filter>
    </ClInclude>
    <ClInclude Include="dirent.h">
      <Filter>Header Files</Filter>
    </ClInclude>
    <ClInclude Include="SaveGameState.h">
      <Filter>Header Files</Filter>
    </ClInclude>
    <ClInclude Include="SettingState.h">
      <Filter>Header Files</Filter>
    </ClInclude>
  </ItemGroup>
</Project>